// !$*UTF8*$!
{
	archiveVersion = 1;
	classes = {
	};
	objectVersion = 46;
	objects = {

/* Begin PBXBuildFile section */
		631E74CE18EE037A001668E1 /* MessageUI.framework in Frameworks */ = {isa = PBXBuildFile; fileRef = 631E74CD18EE037A001668E1 /* MessageUI.framework */; };
		634E414618FB107E0044E599 /* About.png in Resources */ = {isa = PBXBuildFile; fileRef = 634E414218FB107E0044E599 /* About.png */; };
		634E414718FB107E0044E599 /* Antithrombotics.png in Resources */ = {isa = PBXBuildFile; fileRef = 634E414318FB107E0044E599 /* Antithrombotics.png */; };
		634E414818FB107E0044E599 /* Feedback.png in Resources */ = {isa = PBXBuildFile; fileRef = 634E414418FB107E0044E599 /* Feedback.png */; };
		634E414918FB107E0044E599 /* Images.xcassets in Resources */ = {isa = PBXBuildFile; fileRef = 634E414518FB107E0044E599 /* Images.xcassets */; };
		634E416B18FB108F0044E599 /* TrialDetailViewController.m in Sources */ = {isa = PBXBuildFile; fileRef = 634E416218FB108F0044E599 /* TrialDetailViewController.m */; };
		634E416C18FB108F0044E599 /* TrialViewController.m in Sources */ = {isa = PBXBuildFile; fileRef = 634E416418FB108F0044E599 /* TrialViewController.m */; };
		634E41B918FB39C50044E599 /* Main_iPhone.storyboard in Resources */ = {isa = PBXBuildFile; fileRef = 634E41B818FB39C50044E599 /* Main_iPhone.storyboard */; };
		6377C3A718FB5F31008C98C3 /* AppDelegate.m in Sources */ = {isa = PBXBuildFile; fileRef = 6377C3A618FB5F31008C98C3 /* AppDelegate.m */; };
		6377C3AF18FB606E008C98C3 /* LeftViewController.m in Sources */ = {isa = PBXBuildFile; fileRef = 6377C3AA18FB606E008C98C3 /* LeftViewController.m */; };
		6377C3B018FB606E008C98C3 /* Main_iPad.storyboard in Resources */ = {isa = PBXBuildFile; fileRef = 6377C3AB18FB606E008C98C3 /* Main_iPad.storyboard */; };
		6377C3B118FB606E008C98C3 /* RightViewController.m in Sources */ = {isa = PBXBuildFile; fileRef = 6377C3AD18FB606E008C98C3 /* RightViewController.m */; };
		6377C3BA18FB8300008C98C3 /* MoreViewController.m in Sources */ = {isa = PBXBuildFile; fileRef = 6377C3B318FB8300008C98C3 /* MoreViewController.m */; };
		6377C3BB18FB8300008C98C3 /* Trial.m in Sources */ = {isa = PBXBuildFile; fileRef = 6377C3B518FB8300008C98C3 /* Trial.m */; };
		6377C3BC18FB8300008C98C3 /* TrialCell.m in Sources */ = {isa = PBXBuildFile; fileRef = 6377C3B718FB8300008C98C3 /* TrialCell.m */; };
		6377C3BD18FB8300008C98C3 /* TrialWebViewController.m in Sources */ = {isa = PBXBuildFile; fileRef = 6377C3B918FB8300008C98C3 /* TrialWebViewController.m */; };
		6378094F18BDBCB000543CB3 /* Foundation.framework in Frameworks */ = {isa = PBXBuildFile; fileRef = 6378094E18BDBCB000543CB3 /* Foundation.framework */; };
		6378095118BDBCB000543CB3 /* CoreGraphics.framework in Frameworks */ = {isa = PBXBuildFile; fileRef = 6378095018BDBCB000543CB3 /* CoreGraphics.framework */; };
		6378095318BDBCB000543CB3 /* UIKit.framework in Frameworks */ = {isa = PBXBuildFile; fileRef = 6378095218BDBCB000543CB3 /* UIKit.framework */; };
		6378095918BDBCB000543CB3 /* InfoPlist.strings in Resources */ = {isa = PBXBuildFile; fileRef = 6378095718BDBCB000543CB3 /* InfoPlist.strings */; };
		6378095B18BDBCB000543CB3 /* main.m in Sources */ = {isa = PBXBuildFile; fileRef = 6378095A18BDBCB000543CB3 /* main.m */; };
		6378096E18BDBCB000543CB3 /* XCTest.framework in Frameworks */ = {isa = PBXBuildFile; fileRef = 6378096D18BDBCB000543CB3 /* XCTest.framework */; };
		6378096F18BDBCB000543CB3 /* Foundation.framework in Frameworks */ = {isa = PBXBuildFile; fileRef = 6378094E18BDBCB000543CB3 /* Foundation.framework */; };
		6378097018BDBCB100543CB3 /* UIKit.framework in Frameworks */ = {isa = PBXBuildFile; fileRef = 6378095218BDBCB000543CB3 /* UIKit.framework */; };
		6378097818BDBCB100543CB3 /* InfoPlist.strings in Resources */ = {isa = PBXBuildFile; fileRef = 6378097618BDBCB100543CB3 /* InfoPlist.strings */; };
		6378097A18BDBCB100543CB3 /* StrokeTrialsTests.m in Sources */ = {isa = PBXBuildFile; fileRef = 6378097918BDBCB100543CB3 /* StrokeTrialsTests.m */; };
		63E86411190090890022858F /* Antithrombotic.m in Sources */ = {isa = PBXBuildFile; fileRef = 63E8640A190090890022858F /* Antithrombotic.m */; };
		63E86412190090890022858F /* AntithromboticDetailViewController.m in Sources */ = {isa = PBXBuildFile; fileRef = 63E8640C190090890022858F /* AntithromboticDetailViewController.m */; };
		63E86413190090890022858F /* AntithromboticCell.m in Sources */ = {isa = PBXBuildFile; fileRef = 63E8640E190090890022858F /* AntithromboticCell.m */; };
		63E86414190090890022858F /* AntithromboticViewController.m in Sources */ = {isa = PBXBuildFile; fileRef = 63E86410190090890022858F /* AntithromboticViewController.m */; };
		63E86417190090920022858F /* Reachability.m in Sources */ = {isa = PBXBuildFile; fileRef = 63E86416190090920022858F /* Reachability.m */; };
/* End PBXBuildFile section */

/* Begin PBXContainerItemProxy section */
		6378097118BDBCB100543CB3 /* PBXContainerItemProxy */ = {
			isa = PBXContainerItemProxy;
			containerPortal = 6378094318BDBCB000543CB3 /* Project object */;
			proxyType = 1;
			remoteGlobalIDString = 6378094A18BDBCB000543CB3;
			remoteInfo = StrokeTrials;
		};
/* End PBXContainerItemProxy section */

/* Begin PBXFileReference section */
		631E74CD18EE037A001668E1 /* MessageUI.framework */ = {isa = PBXFileReference; lastKnownFileType = wrapper.framework; name = MessageUI.framework; path = System/Library/Frameworks/MessageUI.framework; sourceTree = SDKROOT; };
		634E414218FB107E0044E599 /* About.png */ = {isa = PBXFileReference; lastKnownFileType = image.png; path = About.png; sourceTree = "<group>"; };
		634E414318FB107E0044E599 /* Antithrombotics.png */ = {isa = PBXFileReference; lastKnownFileType = image.png; path = Antithrombotics.png; sourceTree = "<group>"; };
		634E414418FB107E0044E599 /* Feedback.png */ = {isa = PBXFileReference; lastKnownFileType = image.png; path = Feedback.png; sourceTree = "<group>"; };
		634E414518FB107E0044E599 /* Images.xcassets */ = {isa = PBXFileReference; lastKnownFileType = folder.assetcatalog; path = Images.xcassets; sourceTree = "<group>"; };
		634E416118FB108F0044E599 /* TrialDetailViewController.h */ = {isa = PBXFileReference; fileEncoding = 4; lastKnownFileType = sourcecode.c.h; path = TrialDetailViewController.h; sourceTree = "<group>"; };
		634E416218FB108F0044E599 /* TrialDetailViewController.m */ = {isa = PBXFileReference; fileEncoding = 4; lastKnownFileType = sourcecode.c.objc; path = TrialDetailViewController.m; sourceTree = "<group>"; };
		634E416318FB108F0044E599 /* TrialViewController.h */ = {isa = PBXFileReference; fileEncoding = 4; lastKnownFileType = sourcecode.c.h; path = TrialViewController.h; sourceTree = "<group>"; };
		634E416418FB108F0044E599 /* TrialViewController.m */ = {isa = PBXFileReference; fileEncoding = 4; lastKnownFileType = sourcecode.c.objc; path = TrialViewController.m; sourceTree = "<group>"; };
		634E41B818FB39C50044E599 /* Main_iPhone.storyboard */ = {isa = PBXFileReference; fileEncoding = 4; lastKnownFileType = file.storyboard; path = Main_iPhone.storyboard; sourceTree = "<group>"; };
		6377C3A518FB5F31008C98C3 /* AppDelegate.h */ = {isa = PBXFileReference; fileEncoding = 4; lastKnownFileType = sourcecode.c.h; path = AppDelegate.h; sourceTree = "<group>"; };
		6377C3A618FB5F31008C98C3 /* AppDelegate.m */ = {isa = PBXFileReference; fileEncoding = 4; lastKnownFileType = sourcecode.c.objc; path = AppDelegate.m; sourceTree = "<group>"; };
		6377C3A918FB606E008C98C3 /* LeftViewController.h */ = {isa = PBXFileReference; fileEncoding = 4; lastKnownFileType = sourcecode.c.h; path = LeftViewController.h; sourceTree = "<group>"; };
		6377C3AA18FB606E008C98C3 /* LeftViewController.m */ = {isa = PBXFileReference; fileEncoding = 4; lastKnownFileType = sourcecode.c.objc; path = LeftViewController.m; sourceTree = "<group>"; };
		6377C3AB18FB606E008C98C3 /* Main_iPad.storyboard */ = {isa = PBXFileReference; fileEncoding = 4; lastKnownFileType = file.storyboard; path = Main_iPad.storyboard; sourceTree = "<group>"; };
		6377C3AC18FB606E008C98C3 /* RightViewController.h */ = {isa = PBXFileReference; fileEncoding = 4; lastKnownFileType = sourcecode.c.h; path = RightViewController.h; sourceTree = "<group>"; };
		6377C3AD18FB606E008C98C3 /* RightViewController.m */ = {isa = PBXFileReference; fileEncoding = 4; lastKnownFileType = sourcecode.c.objc; path = RightViewController.m; sourceTree = "<group>"; };
		6377C3AE18FB606E008C98C3 /* TrialSelectionDelegate.h */ = {isa = PBXFileReference; fileEncoding = 4; lastKnownFileType = sourcecode.c.h; path = TrialSelectionDelegate.h; sourceTree = "<group>"; };
		6377C3B218FB8300008C98C3 /* MoreViewController.h */ = {isa = PBXFileReference; fileEncoding = 4; lastKnownFileType = sourcecode.c.h; path = MoreViewController.h; sourceTree = "<group>"; };
		6377C3B318FB8300008C98C3 /* MoreViewController.m */ = {isa = PBXFileReference; fileEncoding = 4; lastKnownFileType = sourcecode.c.objc; path = MoreViewController.m; sourceTree = "<group>"; };
		6377C3B418FB8300008C98C3 /* Trial.h */ = {isa = PBXFileReference; fileEncoding = 4; lastKnownFileType = sourcecode.c.h; path = Trial.h; sourceTree = "<group>"; };
		6377C3B518FB8300008C98C3 /* Trial.m */ = {isa = PBXFileReference; fileEncoding = 4; lastKnownFileType = sourcecode.c.objc; path = Trial.m; sourceTree = "<group>"; };
		6377C3B618FB8300008C98C3 /* TrialCell.h */ = {isa = PBXFileReference; fileEncoding = 4; lastKnownFileType = sourcecode.c.h; path = TrialCell.h; sourceTree = "<group>"; };
		6377C3B718FB8300008C98C3 /* TrialCell.m */ = {isa = PBXFileReference; fileEncoding = 4; lastKnownFileType = sourcecode.c.objc; path = TrialCell.m; sourceTree = "<group>"; };
		6377C3B818FB8300008C98C3 /* TrialWebViewController.h */ = {isa = PBXFileReference; fileEncoding = 4; lastKnownFileType = sourcecode.c.h; path = TrialWebViewController.h; sourceTree = "<group>"; };
		6377C3B918FB8300008C98C3 /* TrialWebViewController.m */ = {isa = PBXFileReference; fileEncoding = 4; lastKnownFileType = sourcecode.c.objc; path = TrialWebViewController.m; sourceTree = "<group>"; };
		6378094B18BDBCB000543CB3 /* StrokeTrials.app */ = {isa = PBXFileReference; explicitFileType = wrapper.application; includeInIndex = 0; path = StrokeTrials.app; sourceTree = BUILT_PRODUCTS_DIR; };
		6378094E18BDBCB000543CB3 /* Foundation.framework */ = {isa = PBXFileReference; lastKnownFileType = wrapper.framework; name = Foundation.framework; path = System/Library/Frameworks/Foundation.framework; sourceTree = SDKROOT; };
		6378095018BDBCB000543CB3 /* CoreGraphics.framework */ = {isa = PBXFileReference; lastKnownFileType = wrapper.framework; name = CoreGraphics.framework; path = System/Library/Frameworks/CoreGraphics.framework; sourceTree = SDKROOT; };
		6378095218BDBCB000543CB3 /* UIKit.framework */ = {isa = PBXFileReference; lastKnownFileType = wrapper.framework; name = UIKit.framework; path = System/Library/Frameworks/UIKit.framework; sourceTree = SDKROOT; };
		6378095618BDBCB000543CB3 /* StrokeTrials-Info.plist */ = {isa = PBXFileReference; lastKnownFileType = text.plist.xml; path = "StrokeTrials-Info.plist"; sourceTree = "<group>"; };
		6378095818BDBCB000543CB3 /* en */ = {isa = PBXFileReference; lastKnownFileType = text.plist.strings; name = en; path = en.lproj/InfoPlist.strings; sourceTree = "<group>"; };
		6378095A18BDBCB000543CB3 /* main.m */ = {isa = PBXFileReference; lastKnownFileType = sourcecode.c.objc; path = main.m; sourceTree = "<group>"; };
		6378095C18BDBCB000543CB3 /* StrokeTrials-Prefix.pch */ = {isa = PBXFileReference; lastKnownFileType = sourcecode.c.h; path = "StrokeTrials-Prefix.pch"; sourceTree = "<group>"; };
		6378096C18BDBCB000543CB3 /* StrokeTrialsTests.xctest */ = {isa = PBXFileReference; explicitFileType = wrapper.cfbundle; includeInIndex = 0; path = StrokeTrialsTests.xctest; sourceTree = BUILT_PRODUCTS_DIR; };
		6378096D18BDBCB000543CB3 /* XCTest.framework */ = {isa = PBXFileReference; lastKnownFileType = wrapper.framework; name = XCTest.framework; path = Library/Frameworks/XCTest.framework; sourceTree = DEVELOPER_DIR; };
		6378097518BDBCB100543CB3 /* StrokeTrialsTests-Info.plist */ = {isa = PBXFileReference; lastKnownFileType = text.plist.xml; path = "StrokeTrialsTests-Info.plist"; sourceTree = "<group>"; };
		6378097718BDBCB100543CB3 /* en */ = {isa = PBXFileReference; lastKnownFileType = text.plist.strings; name = en; path = en.lproj/InfoPlist.strings; sourceTree = "<group>"; };
		6378097918BDBCB100543CB3 /* StrokeTrialsTests.m */ = {isa = PBXFileReference; lastKnownFileType = sourcecode.c.objc; path = StrokeTrialsTests.m; sourceTree = "<group>"; };
		63E86409190090890022858F /* Antithrombotic.h */ = {isa = PBXFileReference; fileEncoding = 4; lastKnownFileType = sourcecode.c.h; path = Antithrombotic.h; sourceTree = "<group>"; };
		63E8640A190090890022858F /* Antithrombotic.m */ = {isa = PBXFileReference; fileEncoding = 4; lastKnownFileType = sourcecode.c.objc; path = Antithrombotic.m; sourceTree = "<group>"; };
		63E8640B190090890022858F /* AntithromboticDetailViewController.h */ = {isa = PBXFileReference; fileEncoding = 4; lastKnownFileType = sourcecode.c.h; path = AntithromboticDetailViewController.h; sourceTree = "<group>"; };
		63E8640C190090890022858F /* AntithromboticDetailViewController.m */ = {isa = PBXFileReference; fileEncoding = 4; lastKnownFileType = sourcecode.c.objc; path = AntithromboticDetailViewController.m; sourceTree = "<group>"; };
		63E8640D190090890022858F /* AntithromboticCell.h */ = {isa = PBXFileReference; fileEncoding = 4; lastKnownFileType = sourcecode.c.h; path = AntithromboticCell.h; sourceTree = "<group>"; };
		63E8640E190090890022858F /* AntithromboticCell.m */ = {isa = PBXFileReference; fileEncoding = 4; lastKnownFileType = sourcecode.c.objc; path = AntithromboticCell.m; sourceTree = "<group>"; };
		63E8640F190090890022858F /* AntithromboticViewController.h */ = {isa = PBXFileReference; fileEncoding = 4; lastKnownFileType = sourcecode.c.h; path = AntithromboticViewController.h; sourceTree = "<group>"; };
		63E86410190090890022858F /* AntithromboticViewController.m */ = {isa = PBXFileReference; fileEncoding = 4; lastKnownFileType = sourcecode.c.objc; path = AntithromboticViewController.m; sourceTree = "<group>"; };
		63E86415190090920022858F /* Reachability.h */ = {isa = PBXFileReference; fileEncoding = 4; lastKnownFileType = sourcecode.c.h; path = Reachability.h; sourceTree = "<group>"; };
		63E86416190090920022858F /* Reachability.m */ = {isa = PBXFileReference; fileEncoding = 4; lastKnownFileType = sourcecode.c.objc; path = Reachability.m; sourceTree = "<group>"; };
/* End PBXFileReference section */

/* Begin PBXFrameworksBuildPhase section */
		6378094818BDBCB000543CB3 /* Frameworks */ = {
			isa = PBXFrameworksBuildPhase;
			buildActionMask = 2147483647;
			files = (
				6378095118BDBCB000543CB3 /* CoreGraphics.framework in Frameworks */,
				6378094F18BDBCB000543CB3 /* Foundation.framework in Frameworks */,
				631E74CE18EE037A001668E1 /* MessageUI.framework in Frameworks */,
				6378095318BDBCB000543CB3 /* UIKit.framework in Frameworks */,
			);
			runOnlyForDeploymentPostprocessing = 0;
		};
		6378096918BDBCB000543CB3 /* Frameworks */ = {
			isa = PBXFrameworksBuildPhase;
			buildActionMask = 2147483647;
			files = (
				6378096E18BDBCB000543CB3 /* XCTest.framework in Frameworks */,
				6378097018BDBCB100543CB3 /* UIKit.framework in Frameworks */,
				6378096F18BDBCB000543CB3 /* Foundation.framework in Frameworks */,
			);
			runOnlyForDeploymentPostprocessing = 0;
		};
/* End PBXFrameworksBuildPhase section */

/* Begin PBXGroup section */
		634E414118FB107E0044E599 /* Images */ = {
			isa = PBXGroup;
			children = (
				634E414218FB107E0044E599 /* About.png */,
				634E414318FB107E0044E599 /* Antithrombotics.png */,
				634E414418FB107E0044E599 /* Feedback.png */,
				634E414518FB107E0044E599 /* Images.xcassets */,
			);
			path = Images;
			sourceTree = "<group>";
		};
		634E415818FB108F0044E599 /* iPhone */ = {
			isa = PBXGroup;
			children = (
				634E41B818FB39C50044E599 /* Main_iPhone.storyboard */,
				634E416118FB108F0044E599 /* TrialDetailViewController.h */,
				634E416218FB108F0044E599 /* TrialDetailViewController.m */,
				634E416318FB108F0044E599 /* TrialViewController.h */,
				634E416418FB108F0044E599 /* TrialViewController.m */,
			);
			path = iPhone;
			sourceTree = "<group>";
		};
		6377C3A818FB606E008C98C3 /* iPad */ = {
			isa = PBXGroup;
			children = (
				6377C3A918FB606E008C98C3 /* LeftViewController.h */,
				6377C3AA18FB606E008C98C3 /* LeftViewController.m */,
				6377C3AB18FB606E008C98C3 /* Main_iPad.storyboard */,
				6377C3AC18FB606E008C98C3 /* RightViewController.h */,
				6377C3AD18FB606E008C98C3 /* RightViewController.m */,
				6377C3AE18FB606E008C98C3 /* TrialSelectionDelegate.h */,
			);
			path = iPad;
			sourceTree = "<group>";
		};
		6378094218BDBCB000543CB3 = {
			isa = PBXGroup;
			children = (
				6378095418BDBCB000543CB3 /* StrokeTrials */,
				6378097318BDBCB100543CB3 /* StrokeTrialsTests */,
				6378094D18BDBCB000543CB3 /* Frameworks */,
				6378094C18BDBCB000543CB3 /* Products */,
			);
			sourceTree = "<group>";
		};
		6378094C18BDBCB000543CB3 /* Products */ = {
			isa = PBXGroup;
			children = (
				6378094B18BDBCB000543CB3 /* StrokeTrials.app */,
				6378096C18BDBCB000543CB3 /* StrokeTrialsTests.xctest */,
			);
			name = Products;
			sourceTree = "<group>";
		};
		6378094D18BDBCB000543CB3 /* Frameworks */ = {
			isa = PBXGroup;
			children = (
				6378095018BDBCB000543CB3 /* CoreGraphics.framework */,
				6378094E18BDBCB000543CB3 /* Foundation.framework */,
				631E74CD18EE037A001668E1 /* MessageUI.framework */,
				6378095218BDBCB000543CB3 /* UIKit.framework */,
				6378096D18BDBCB000543CB3 /* XCTest.framework */,
			);
			name = Frameworks;
			sourceTree = "<group>";
		};
		6378095418BDBCB000543CB3 /* StrokeTrials */ = {
			isa = PBXGroup;
			children = (
				63E86409190090890022858F /* Antithrombotic.h */,
				63E8640A190090890022858F /* Antithrombotic.m */,
				63E8640D190090890022858F /* AntithromboticCell.h */,
				63E8640E190090890022858F /* AntithromboticCell.m */,
				63E8640B190090890022858F /* AntithromboticDetailViewController.h */,
				63E8640C190090890022858F /* AntithromboticDetailViewController.m */,
				63E8640F190090890022858F /* AntithromboticViewController.h */,
				63E86410190090890022858F /* AntithromboticViewController.m */,
				6377C3A518FB5F31008C98C3 /* AppDelegate.h */,
				6377C3A618FB5F31008C98C3 /* AppDelegate.m */,
				634E414118FB107E0044E599 /* Images */,
				6377C3A818FB606E008C98C3 /* iPad */,
				634E415818FB108F0044E599 /* iPhone */,
				6377C3B218FB8300008C98C3 /* MoreViewController.h */,
				6377C3B318FB8300008C98C3 /* MoreViewController.m */,
				63E86415190090920022858F /* Reachability.h */,
				63E86416190090920022858F /* Reachability.m */,
				6378095518BDBCB000543CB3 /* Supporting Files */,
				6377C3B418FB8300008C98C3 /* Trial.h */,
				6377C3B518FB8300008C98C3 /* Trial.m */,
				6377C3B618FB8300008C98C3 /* TrialCell.h */,
				6377C3B718FB8300008C98C3 /* TrialCell.m */,
				6377C3B818FB8300008C98C3 /* TrialWebViewController.h */,
				6377C3B918FB8300008C98C3 /* TrialWebViewController.m */,
			);
			path = StrokeTrials;
			sourceTree = "<group>";
		};
		6378095518BDBCB000543CB3 /* Supporting Files */ = {
			isa = PBXGroup;
			children = (
				6378095718BDBCB000543CB3 /* InfoPlist.strings */,
				6378095A18BDBCB000543CB3 /* main.m */,
				6378095618BDBCB000543CB3 /* StrokeTrials-Info.plist */,
				6378095C18BDBCB000543CB3 /* StrokeTrials-Prefix.pch */,
			);
			name = "Supporting Files";
			sourceTree = "<group>";
		};
		6378097318BDBCB100543CB3 /* StrokeTrialsTests */ = {
			isa = PBXGroup;
			children = (
				6378097918BDBCB100543CB3 /* StrokeTrialsTests.m */,
				6378097418BDBCB100543CB3 /* Supporting Files */,
			);
			path = StrokeTrialsTests;
			sourceTree = "<group>";
		};
		6378097418BDBCB100543CB3 /* Supporting Files */ = {
			isa = PBXGroup;
			children = (
				6378097618BDBCB100543CB3 /* InfoPlist.strings */,
				6378097518BDBCB100543CB3 /* StrokeTrialsTests-Info.plist */,
			);
			name = "Supporting Files";
			sourceTree = "<group>";
		};
/* End PBXGroup section */

/* Begin PBXNativeTarget section */
		6378094A18BDBCB000543CB3 /* StrokeTrials */ = {
			isa = PBXNativeTarget;
			buildConfigurationList = 6378097D18BDBCB100543CB3 /* Build configuration list for PBXNativeTarget "StrokeTrials" */;
			buildPhases = (
				6378094718BDBCB000543CB3 /* Sources */,
				6378094818BDBCB000543CB3 /* Frameworks */,
				6378094918BDBCB000543CB3 /* Resources */,
			);
			buildRules = (
			);
			dependencies = (
			);
			name = StrokeTrials;
			productName = StrokeTrials;
			productReference = 6378094B18BDBCB000543CB3 /* StrokeTrials.app */;
			productType = "com.apple.product-type.application";
		};
		6378096B18BDBCB000543CB3 /* StrokeTrialsTests */ = {
			isa = PBXNativeTarget;
			buildConfigurationList = 6378098018BDBCB100543CB3 /* Build configuration list for PBXNativeTarget "StrokeTrialsTests" */;
			buildPhases = (
				6378096818BDBCB000543CB3 /* Sources */,
				6378096918BDBCB000543CB3 /* Frameworks */,
				6378096A18BDBCB000543CB3 /* Resources */,
			);
			buildRules = (
			);
			dependencies = (
				6378097218BDBCB100543CB3 /* PBXTargetDependency */,
			);
			name = StrokeTrialsTests;
			productName = StrokeTrialsTests;
			productReference = 6378096C18BDBCB000543CB3 /* StrokeTrialsTests.xctest */;
			productType = "com.apple.product-type.bundle.unit-test";
		};
/* End PBXNativeTarget section */

/* Begin PBXProject section */
		6378094318BDBCB000543CB3 /* Project object */ = {
			isa = PBXProject;
			attributes = {
				LastUpgradeCheck = 0510;
				ORGANIZATIONNAME = "The Mullets";
				TargetAttributes = {
					6378094A18BDBCB000543CB3 = {
						DevelopmentTeam = RV6Q7E5NE6;
					};
					6378096B18BDBCB000543CB3 = {
						TestTargetID = 6378094A18BDBCB000543CB3;
					};
				};
			};
			buildConfigurationList = 6378094618BDBCB000543CB3 /* Build configuration list for PBXProject "StrokeTrials" */;
			compatibilityVersion = "Xcode 3.2";
			developmentRegion = English;
			hasScannedForEncodings = 0;
			knownRegions = (
				en,
				Base,
			);
			mainGroup = 6378094218BDBCB000543CB3;
			productRefGroup = 6378094C18BDBCB000543CB3 /* Products */;
			projectDirPath = "";
			projectRoot = "";
			targets = (
				6378094A18BDBCB000543CB3 /* StrokeTrials */,
				6378096B18BDBCB000543CB3 /* StrokeTrialsTests */,
			);
		};
/* End PBXProject section */

/* Begin PBXResourcesBuildPhase section */
		6378094918BDBCB000543CB3 /* Resources */ = {
			isa = PBXResourcesBuildPhase;
			buildActionMask = 2147483647;
			files = (
				634E414918FB107E0044E599 /* Images.xcassets in Resources */,
				6378095918BDBCB000543CB3 /* InfoPlist.strings in Resources */,
				634E414818FB107E0044E599 /* Feedback.png in Resources */,
				634E414618FB107E0044E599 /* About.png in Resources */,
				634E41B918FB39C50044E599 /* Main_iPhone.storyboard in Resources */,
				6377C3B018FB606E008C98C3 /* Main_iPad.storyboard in Resources */,
				634E414718FB107E0044E599 /* Antithrombotics.png in Resources */,
			);
			runOnlyForDeploymentPostprocessing = 0;
		};
		6378096A18BDBCB000543CB3 /* Resources */ = {
			isa = PBXResourcesBuildPhase;
			buildActionMask = 2147483647;
			files = (
				6378097818BDBCB100543CB3 /* InfoPlist.strings in Resources */,
			);
			runOnlyForDeploymentPostprocessing = 0;
		};
/* End PBXResourcesBuildPhase section */

/* Begin PBXSourcesBuildPhase section */
		6378094718BDBCB000543CB3 /* Sources */ = {
			isa = PBXSourcesBuildPhase;
			buildActionMask = 2147483647;
			files = (
				63E86412190090890022858F /* AntithromboticDetailViewController.m in Sources */,
				6377C3AF18FB606E008C98C3 /* LeftViewController.m in Sources */,
				6377C3BC18FB8300008C98C3 /* TrialCell.m in Sources */,
				63E86411190090890022858F /* Antithrombotic.m in Sources */,
				63E86417190090920022858F /* Reachability.m in Sources */,
				6377C3BD18FB8300008C98C3 /* TrialWebViewController.m in Sources */,
				6377C3A718FB5F31008C98C3 /* AppDelegate.m in Sources */,
				63E86413190090890022858F /* AntithromboticCell.m in Sources */,
				6377C3B118FB606E008C98C3 /* RightViewController.m in Sources */,
				63E86414190090890022858F /* AntithromboticViewController.m in Sources */,
				6377C3BB18FB8300008C98C3 /* Trial.m in Sources */,
				634E416B18FB108F0044E599 /* TrialDetailViewController.m in Sources */,
				634E416C18FB108F0044E599 /* TrialViewController.m in Sources */,
				6378095B18BDBCB000543CB3 /* main.m in Sources */,
				6377C3BA18FB8300008C98C3 /* MoreViewController.m in Sources */,
			);
			runOnlyForDeploymentPostprocessing = 0;
		};
		6378096818BDBCB000543CB3 /* Sources */ = {
			isa = PBXSourcesBuildPhase;
			buildActionMask = 2147483647;
			files = (
				6378097A18BDBCB100543CB3 /* StrokeTrialsTests.m in Sources */,
			);
			runOnlyForDeploymentPostprocessing = 0;
		};
/* End PBXSourcesBuildPhase section */

/* Begin PBXTargetDependency section */
		6378097218BDBCB100543CB3 /* PBXTargetDependency */ = {
			isa = PBXTargetDependency;
			target = 6378094A18BDBCB000543CB3 /* StrokeTrials */;
			targetProxy = 6378097118BDBCB100543CB3 /* PBXContainerItemProxy */;
		};
/* End PBXTargetDependency section */

/* Begin PBXVariantGroup section */
		6378095718BDBCB000543CB3 /* InfoPlist.strings */ = {
			isa = PBXVariantGroup;
			children = (
				6378095818BDBCB000543CB3 /* en */,
			);
			name = InfoPlist.strings;
			sourceTree = "<group>";
		};
		6378097618BDBCB100543CB3 /* InfoPlist.strings */ = {
			isa = PBXVariantGroup;
			children = (
				6378097718BDBCB100543CB3 /* en */,
			);
			name = InfoPlist.strings;
			sourceTree = "<group>";
		};
/* End PBXVariantGroup section */

/* Begin XCBuildConfiguration section */
		6378097B18BDBCB100543CB3 /* Debug */ = {
			isa = XCBuildConfiguration;
			buildSettings = {
				ALWAYS_SEARCH_USER_PATHS = NO;
				CLANG_CXX_LANGUAGE_STANDARD = "gnu++0x";
				CLANG_CXX_LIBRARY = "libc++";
				CLANG_ENABLE_MODULES = YES;
				CLANG_ENABLE_OBJC_ARC = YES;
				CLANG_WARN_BOOL_CONVERSION = YES;
				CLANG_WARN_CONSTANT_CONVERSION = YES;
				CLANG_WARN_DIRECT_OBJC_ISA_USAGE = YES_ERROR;
				CLANG_WARN_EMPTY_BODY = YES;
				CLANG_WARN_ENUM_CONVERSION = YES;
				CLANG_WARN_INT_CONVERSION = YES;
				CLANG_WARN_OBJC_ROOT_CLASS = YES_ERROR;
				CLANG_WARN__DUPLICATE_METHOD_MATCH = YES;
				"CODE_SIGN_IDENTITY[sdk=iphoneos*]" = "iPhone Developer";
				COPY_PHASE_STRIP = NO;
				GCC_C_LANGUAGE_STANDARD = gnu99;
				GCC_DYNAMIC_NO_PIC = NO;
				GCC_OPTIMIZATION_LEVEL = 0;
				GCC_PREPROCESSOR_DEFINITIONS = (
					"DEBUG=1",
					"$(inherited)",
				);
				GCC_SYMBOLS_PRIVATE_EXTERN = NO;
				GCC_WARN_64_TO_32_BIT_CONVERSION = YES;
				GCC_WARN_ABOUT_RETURN_TYPE = YES_ERROR;
				GCC_WARN_UNDECLARED_SELECTOR = YES;
				GCC_WARN_UNINITIALIZED_AUTOS = YES;
				GCC_WARN_UNUSED_FUNCTION = YES;
				GCC_WARN_UNUSED_VARIABLE = YES;
				IPHONEOS_DEPLOYMENT_TARGET = 7.1;
				ONLY_ACTIVE_ARCH = YES;
				SDKROOT = iphoneos;
			};
			name = Debug;
		};
		6378097C18BDBCB100543CB3 /* Release */ = {
			isa = XCBuildConfiguration;
			buildSettings = {
				ALWAYS_SEARCH_USER_PATHS = NO;
				CLANG_CXX_LANGUAGE_STANDARD = "gnu++0x";
				CLANG_CXX_LIBRARY = "libc++";
				CLANG_ENABLE_MODULES = YES;
				CLANG_ENABLE_OBJC_ARC = YES;
				CLANG_WARN_BOOL_CONVERSION = YES;
				CLANG_WARN_CONSTANT_CONVERSION = YES;
				CLANG_WARN_DIRECT_OBJC_ISA_USAGE = YES_ERROR;
				CLANG_WARN_EMPTY_BODY = YES;
				CLANG_WARN_ENUM_CONVERSION = YES;
				CLANG_WARN_INT_CONVERSION = YES;
				CLANG_WARN_OBJC_ROOT_CLASS = YES_ERROR;
				CLANG_WARN__DUPLICATE_METHOD_MATCH = YES;
				"CODE_SIGN_IDENTITY[sdk=iphoneos*]" = "iPhone Developer";
				COPY_PHASE_STRIP = YES;
				ENABLE_NS_ASSERTIONS = NO;
				GCC_C_LANGUAGE_STANDARD = gnu99;
				GCC_WARN_64_TO_32_BIT_CONVERSION = YES;
				GCC_WARN_ABOUT_RETURN_TYPE = YES_ERROR;
				GCC_WARN_UNDECLARED_SELECTOR = YES;
				GCC_WARN_UNINITIALIZED_AUTOS = YES;
				GCC_WARN_UNUSED_FUNCTION = YES;
				GCC_WARN_UNUSED_VARIABLE = YES;
				IPHONEOS_DEPLOYMENT_TARGET = 7.1;
				SDKROOT = iphoneos;
				VALIDATE_PRODUCT = YES;
			};
			name = Release;
		};
		6378097E18BDBCB100543CB3 /* Debug */ = {
			isa = XCBuildConfiguration;
			buildSettings = {
				ASSETCATALOG_COMPILER_APPICON_NAME = AppIcon;
				ASSETCATALOG_COMPILER_LAUNCHIMAGE_NAME = LaunchImage;
				CODE_SIGN_IDENTITY = "iPhone Developer";
				"CODE_SIGN_IDENTITY[sdk=iphoneos*]" = "iPhone Developer";
				FRAMEWORK_SEARCH_PATHS = (
					"$(inherited)",
					"$(PROJECT_DIR)",
				);
				GCC_PRECOMPILE_PREFIX_HEADER = YES;
				GCC_PREFIX_HEADER = "StrokeTrials/StrokeTrials-Prefix.pch";
				INFOPLIST_FILE = "StrokeTrials/StrokeTrials-Info.plist";
				IPHONEOS_DEPLOYMENT_TARGET = 7.1;
				PRODUCT_NAME = "$(TARGET_NAME)";
				PROVISIONING_PROFILE = "";
				TARGETED_DEVICE_FAMILY = "1,2";
				WRAPPER_EXTENSION = app;
			};
			name = Debug;
		};
		6378097F18BDBCB100543CB3 /* Release */ = {
			isa = XCBuildConfiguration;
			buildSettings = {
				ASSETCATALOG_COMPILER_APPICON_NAME = AppIcon;
				ASSETCATALOG_COMPILER_LAUNCHIMAGE_NAME = LaunchImage;
				CODE_SIGN_IDENTITY = "iPhone Developer";
				"CODE_SIGN_IDENTITY[sdk=iphoneos*]" = "iPhone Developer";
				FRAMEWORK_SEARCH_PATHS = (
					"$(inherited)",
					"$(PROJECT_DIR)",
				);
				GCC_PRECOMPILE_PREFIX_HEADER = YES;
				GCC_PREFIX_HEADER = "StrokeTrials/StrokeTrials-Prefix.pch";
				INFOPLIST_FILE = "StrokeTrials/StrokeTrials-Info.plist";
				IPHONEOS_DEPLOYMENT_TARGET = 7.1;
				PRODUCT_NAME = "$(TARGET_NAME)";
				PROVISIONING_PROFILE = "";
				TARGETED_DEVICE_FAMILY = "1,2";
				WRAPPER_EXTENSION = app;
			};
			name = Release;
		};
		6378098118BDBCB100543CB3 /* Debug */ = {
			isa = XCBuildConfiguration;
			buildSettings = {
				BUNDLE_LOADER = "$(BUILT_PRODUCTS_DIR)/StrokeTrials.app/StrokeTrials";
				FRAMEWORK_SEARCH_PATHS = (
					"$(SDKROOT)/Developer/Library/Frameworks",
					"$(inherited)",
					"$(DEVELOPER_FRAMEWORKS_DIR)",
				);
				GCC_PRECOMPILE_PREFIX_HEADER = YES;
				GCC_PREFIX_HEADER = "StrokeTrials/StrokeTrials-Prefix.pch";
				GCC_PREPROCESSOR_DEFINITIONS = (
					"DEBUG=1",
					"$(inherited)",
				);
				INFOPLIST_FILE = "StrokeTrialsTests/StrokeTrialsTests-Info.plist";
				PRODUCT_NAME = "$(TARGET_NAME)";
				TEST_HOST = "$(BUNDLE_LOADER)";
				WRAPPER_EXTENSION = xctest;
			};
			name = Debug;
		};
		6378098218BDBCB100543CB3 /* Release */ = {
			isa = XCBuildConfiguration;
			buildSettings = {
				BUNDLE_LOADER = "$(BUILT_PRODUCTS_DIR)/StrokeTrials.app/StrokeTrials";
				FRAMEWORK_SEARCH_PATHS = (
					"$(SDKROOT)/Developer/Library/Frameworks",
					"$(inherited)",
					"$(DEVELOPER_FRAMEWORKS_DIR)",
				);
				GCC_PRECOMPILE_PREFIX_HEADER = YES;
				GCC_PREFIX_HEADER = "StrokeTrials/StrokeTrials-Prefix.pch";
				INFOPLIST_FILE = "StrokeTrialsTests/StrokeTrialsTests-Info.plist";
				PRODUCT_NAME = "$(TARGET_NAME)";
				TEST_HOST = "$(BUNDLE_LOADER)";
				WRAPPER_EXTENSION = xctest;
			};
			name = Release;
		};
/* End XCBuildConfiguration section */

/* Begin XCConfigurationList section */
		6378094618BDBCB000543CB3 /* Build configuration list for PBXProject "StrokeTrials" */ = {
			isa = XCConfigurationList;
			buildConfigurations = (
				6378097B18BDBCB100543CB3 /* Debug */,
				6378097C18BDBCB100543CB3 /* Release */,
			);
			defaultConfigurationIsVisible = 0;
			defaultConfigurationName = Release;
		};
		6378097D18BDBCB100543CB3 /* Build configuration list for PBXNativeTarget "StrokeTrials" */ = {
			isa = XCConfigurationList;
			buildConfigurations = (
				6378097E18BDBCB100543CB3 /* Debug */,
				6378097F18BDBCB100543CB3 /* Release */,
			);
			defaultConfigurationIsVisible = 0;
			defaultConfigurationName = Release;
		};
		6378098018BDBCB100543CB3 /* Build configuration list for PBXNativeTarget "StrokeTrialsTests" */ = {
			isa = XCConfigurationList;
			buildConfigurations = (
				6378098118BDBCB100543CB3 /* Debug */,
				6378098218BDBCB100543CB3 /* Release */,
			);
			defaultConfigurationIsVisible = 0;
			defaultConfigurationName = Release;
		};
/* End XCConfigurationList section */
	};
	rootObject = 6378094318BDBCB000543CB3 /* Project object */;
}
